
Microsoft Visual Studio Solution File, Format Version 12.00
# Visual Studio Version 17
VisualStudioVersion = 17.9.34723.18
MinimumVisualStudioVersion = 10.0.40219.1
Project("{FAE04EC0-301F-11D3-BF4B-00C04F79EFBC}") = "ExercicioFixacao3", "ExercicioFixacao3\ExercicioFixacao3.csproj", "{C7EBB7DD-3747-45FD-919B-B66A8BF4D55A}"
EndProject
Global
	GlobalSection(SolutionConfigurationPlatforms) = preSolution
		Debug|Any CPU = Debug|Any CPU
		Release|Any CPU = Release|Any CPU
	EndGlobalSection
	GlobalSection(ProjectConfigurationPlatforms) = postSolution
		{C7EBB7DD-3747-45FD-919B-B66A8BF4D55A}.Debug|Any CPU.ActiveCfg = Debug|Any CPU
		{C7EBB7DD-3747-45FD-919B-B66A8BF4D55A}.Debug|Any CPU.Build.0 = Debug|Any CPU
		{C7EBB7DD-3747-45FD-919B-B66A8BF4D55A}.Release|Any CPU.ActiveCfg = Release|Any CPU
		{C7EBB7DD-3747-45FD-919B-B66A8BF4D55A}.Release|Any CPU.Build.0 = Release|Any CPU
	EndGlobalSection
	GlobalSection(SolutionProperties) = preSolution
		HideSolutionNode = FALSE
	EndGlobalSection
	GlobalSection(ExtensibilityGlobals) = postSolution
		SolutionGuid = {0FEE8D6E-5A69-4EF1-9E94-06C2DD5382D8}
	EndGlobalSection
EndGlobal
